
Microsoft Visual Studio Solution File, Format Version 12.00
# Visual Studio Version 16
VisualStudioVersion = 16.0.28803.156
MinimumVisualStudioVersion = 10.0.40219.1
Project("{FAE04EC0-301F-11D3-BF4B-00C04F79EFBC}") = "RecipeApp", "RecipeApp\RecipeApp.csproj", "{3A01A245-1C9F-4706-8349-D55AD6660CE7}"
EndProject
Global
	GlobalSection(SolutionConfigurationPlatforms) = preSolution
		Debug|Any CPU = Debug|Any CPU
		Release|Any CPU = Release|Any CPU
	EndGlobalSection
	GlobalSection(ProjectConfigurationPlatforms) = postSolution
		{3A01A245-1C9F-4706-8349-D55AD6660CE7}.Debug|Any CPU.ActiveCfg = Debug|Any CPU
		{3A01A245-1C9F-4706-8349-D55AD6660CE7}.Debug|Any CPU.Build.0 = Debug|Any CPU
		{3A01A245-1C9F-4706-8349-D55AD6660CE7}.Release|Any CPU.ActiveCfg = Release|Any CPU
		{3A01A245-1C9F-4706-8349-D55AD6660CE7}.Release|Any CPU.Build.0 = Release|Any CPU
	EndGlobalSection
	GlobalSection(SolutionProperties) = preSolution
		HideSolutionNode = FALSE
	EndGlobalSection
	GlobalSection(ExtensibilityGlobals) = postSolution
		SolutionGuid = {1B003EA7-0298-4FF3-964B-4AF41585E591}
	EndGlobalSection
EndGlobal
